# This file is automatically @generated by Poetry 2.5.1 and should not be changed by hand.

[[package]]
name = "asgiref"
version = "3.12.1"
description = "ASGI specs, helper code, and adapters"
optional = false
python-versions = ">=3.10"
groups = ["main", "dev"]
files = [
    {file = "asgiref-3.12.1-py3-none-any.whl", hash = "sha256:fe386d1c2bff7259ea95929266d12a8cf9a8b5a1c2598402967d8792e7a7c094"},
    {file = "asgiref-3.12.1.tar.gz", hash = "sha256:59dcb51c272ad209d59bed5708a64a333083e86017d7fcdd67498eeab7784340"},
]

[package.extras]
mypy = ["mypy (>=1.14.0)"]
tests = ["pytest", "pytest-asyncio"]

[[package]]
name = "django"
version = "6.1.1"
description = "A high-level Python web framework that encourages rapid development and clean, pragmatic design."
optional = false
python-versions = ">=3.12"
groups = ["main", "dev"]
files = [
    {file = "django-6.1.1-py3-none-any.whl", hash = "sha256:585fb82bf15053c42cf52e67c2f1b54a032dca384759315fd6678ab1870d1d72"},
    {file = "django-6.1.1.tar.gz", hash = "sha256:7ab93536d8e677aa14554c56426290c69480bf2ee68d7513d4a22f57d6bfeb84"},
]

[package.dependencies]
asgiref = ">=3.9.1"
sqlparse = ">=0.5.0"
tzdata = {version = "*", markers = "sys_platform == \"win32\""}

[package.extras]
argon2 = ["argon2-cffi (>=23.1.0)"]
bcrypt = ["bcrypt (>=4.1.1)"]

[[package]]
name = "django-dotenv"
version = "1.4.2"
description = "foreman reads from .env. manage.py doesn't. Let's fix that."
optional = false
python-versions = "*"
groups = ["main"]
files = [
    {file = "django-dotenv-1.4.2.tar.gz", hash = "sha256:3812bb0f4876cf31f902aad140f0645e120e51ee30eb7c40c22050f58a0e4adb"},
    {file = "django_dotenv-1.4.2-py2.py3-none-any.whl", hash = "sha256:a9b1b40a70bd321acd231926acedb9bd2c5e873e33a1873b34a7276d196a765e"},
]

[[package]]
name = "django-filter"
version = "26.1"
description = "Django-filter is a reusable Django application for allowing users to filter querysets dynamically."
optional = false
python-versions = ">=3.10"
groups = ["main"]
files = [
    {file = "django_filter-26.1-py3-none-any.whl", hash = "sha256:7d98ef2899218e6242619b532cb1b95af14e09dfcf74844aecb550ad27b59ff2"},
    {file = "django_filter-26.1.tar.gz", hash = "sha256:66ea04031b068c77c86e1ac26ced7a3f8f13ce797f5795751707e3deefc58054"},
]

[package.dependencies]
Django = ">=5.2"

[package.extras]
drf = ["djangorestframework"]

[[package]]
name = "django-stubs"
version = "6.1.1"
description = "Mypy stubs for Django"
optional = false
python-versions = ">=3.11"
groups = ["dev"]
files = [
    {file = "django_stubs-6.1.1-py3-none-any.whl", hash = "sha256:a913d0c35242cd820f638486118fd542d687b6a85104bea9cb7e635b52b889e3"},
    {file = "django_stubs-6.1.1.tar.gz", hash = "sha256:291fd79197416d191ec9f4e443bc6800b64dd5d41e476b91e679495d005f3d61"},
]

[package.dependencies]
django = "*"
django-stubs-ext = ">=6.0.2"
types-pyyaml = "*"
typing-extensions = ">=4.11.0"

[package.extras]
compatible-mypy = ["mypy (>=1.13,<2.4)"]
oracle = ["oracledb"]
redis = ["redis", "types-redis"]

[[package]]
name = "django-stubs-ext"
version = "6.1.1"
description = "Monkey-patching and extensions for django-stubs"
optional = false
python-versions = ">=3.11"
groups = ["dev"]
files = [
    {file = "django_stubs_ext-6.1.1-py3-none-any.whl", hash = "sha256:64aebb7ce2c327a4a2b75207d67034e879fd7edf027c93487be69da363dc79fa"},
    {file = "django_stubs_ext-6.1.1.tar.gz", hash = "sha256:c35263135558d4c5d12b69e1f4c98632bf59bc3ab5118f7d4882d12800e3a7dd"},
]

[package.dependencies]
django = "*"
typing-extensions = "*"

[[package]]
name = "djangorestframework"
version = "3.18.1"
description = "Web APIs for Django, made easy."
optional = false
python-versions = ">=3.10"
groups = ["main"]
files = [
    {file = "djangorestframework-3.18.1-py3-none-any.whl", hash = "sha256:f1409d698967aaf82d5d98d76b549c8fba8bd92ebd0d83d24454508f72168dc2"},
    {file = "djangorestframework-3.18.1.tar.gz", hash = "sha256:605d79fa2ec2f02905492e5ea13d903c2d842d0b4c915a57f7bf02ab9f3c91dd"},
]

[package.dependencies]
django = ">=5.2"

[[package]]
name = "djangorestframework-stubs"
version = "3.18.1"
description = "PEP-484 stubs for django-rest-framework"
optional = false
python-versions = ">=3.11"
groups = ["dev"]
files = [
    {file = "djangorestframework_stubs-3.18.1-py3-none-any.whl", hash = "sha256:a2021f45f7759b493504c2a721f112ec4fd677753590c1ba346f4ebfb49a7f03"},
    {file = "djangorestframework_stubs-3.18.1.tar.gz", hash = "sha256:65ed4a9ea094616759a2cba4fe0ad85efe25b471b28281b790bfefb46704c64a"},
]

[package.dependencies]
django-stubs = ">=6.1.0"
types-pyyaml = "*"
typing-extensions = ">=4.0"

[package.extras]
compatible-mypy = ["django-stubs[compatible-mypy]", "mypy (>=1.13,<2.4)"]
coreapi = ["coreapi (>=2.0.0)"]
markdown = ["types-markdown (>=0.1.5)"]
requests = ["types-requests"]

[[package]]
name = "isort"
version = "8.0.1"
description = "A Python utility / library to sort Python imports."
optional = false
python-versions = ">=3.10.0"
groups = ["dev"]
files = [
    {file = "isort-8.0.1-py3-none-any.whl", hash = "sha256:28b89bc70f751b559aeca209e6120393d43fbe2490de0559662be7a9787e3d75"},
    {file = "isort-8.0.1.tar.gz", hash = "sha256:171ac4ff559cdc060bcfff550bc8404a486fee0caab245679c2abe7cb253c78d"},
]

[package.extras]
colors = ["colorama"]

[[package]]
name = "mysqlclient"
version = "2.3.0"
description = "Python interface to MySQL"
optional = false
python-versions = ">=3.10"
groups = ["main"]
files = [
    {file = "mysqlclient-2.3.0-cp310-cp310-win_amd64.whl", hash = "sha256:3153c5c9538b1fe6363b1c61b7e0d31e8007624bfa3de70dcca00b4d2461ca93"},
    {file = "mysqlclient-2.3.0-cp310-cp310-win_arm64.whl", hash = "sha256:fb94f509834cbe119c93c2b661d6115ff293d5db9300d8a410126923b5960d48"},
    {file = "mysqlclient-2.3.0-cp311-cp311-win_amd64.whl", hash = "sha256:6a691aab1a6d22fb04aa08977ced9ecf0c1c781d0d985f7814972c3626db9390"},
    {file = "mysqlclient-2.3.0-cp311-cp311-win_arm64.whl", hash = "sha256:8b3a5ebc0a2983bc252116dd132ab4c746085fa727b5c98c09edcda09dc09d0f"},
    {file = "mysqlclient-2.3.0-cp312-cp312-win_amd64.whl", hash = "sha256:effb81eb6d1f1df6c1d95f63f117bec5007e9c64487e9fa17d5696f2a5338358"},
    {file = "mysqlclient-2.3.0-cp312-cp312-win_arm64.whl", hash = "sha256:7c3c4b3edcc7dc50d23fb5634e0e82bce8ab7de5b83d03fddc1c9979c18607a4"},
    {file = "mysqlclient-2.3.0-cp313-cp313-win_amd64.whl", hash = "sha256:60365cce6765b94eeb621aa0f9505044ec9b4ea191cd68500f0a35b2d6d2758b"},
    {file = "mysqlclient-2.3.0-cp313-cp313-win_arm64.whl", hash = "sha256:a6beb9ca67a9224ff4b45f7f9118f0932038fa38d59ca2e38ae35b5225984d7d"},
    {file = "mysqlclient-2.3.0-cp314-cp314-win_amd64.whl", hash = "sha256:5d4c53eb9c5625dd68b6fed32c8cf00ba19cd1c3073645dec309a9d16bd029e2"},
    {file = "mysqlclient-2.3.0-cp314-cp314-win_arm64.whl", hash = "sha256:cfe14103280d5a4968fe8a3ace2a8939ef68a1d881aec9872d06746106b49f7f"},
    {file = "mysqlclient-2.3.0-cp314-cp314t-win_amd64.whl", hash = "sha256:673891700dafbc66a6a8df12059b53a65905ec6e8dec615392fb984299880c0d"},
    {file = "mysqlclient-2.3.0-cp314-cp314t-win_arm64.whl", hash = "sha256:fe27c63ba9088b28467bf276f93f0b4a9062beabaeeb9692593e774d1146cce2"},
    {file = "mysqlclient-2.3.0-cp315-cp315-win_amd64.whl", hash = "sha256:3c601984c286c51080e0d3e9a857bc014713e6338b5f9c0a5df453a341b14022"},
    {file = "mysqlclient-2.3.0-cp315-cp315-win_arm64.whl", hash = "sha256:3d39527a5525b4ebff99721d063f4fe9e459b9e437c7b7698374966d92d4355d"},
    {file = "mysqlclient-2.3.0-cp315-cp315t-win_amd64.whl", hash = "sha256:24164ba592065ae5ff0149bb5707d05772335935059474fb75d864e5d0f94d63"},
    {file = "mysqlclient-2.3.0-cp315-cp315t-win_arm64.whl", hash = "sha256:f1ec49f73dad7df8f2da4d9de0f875f03c8bd44fbe77878522204c0646822f63"},
    {file = "mysqlclient-2.3.0.tar.gz", hash = "sha256:bea8294964266f6486f1ca514ccfcdbc54d4fe0d32882b38c1d4594df870be8b"},
]

[[package]]
name = "sqlparse"
version = "0.6.0"
description = "A non-validating SQL parser."
optional = false
python-versions = ">=3.10"
groups = ["main", "dev"]
files = [
    {file = "sqlparse-0.6.0-py3-none-any.whl", hash = "sha256:b861c0288ce2fa56209a9a6412d2e066ac664b3873b89c26c9d8415e8e32996f"},
    {file = "sqlparse-0.6.0.tar.gz", hash = "sha256:113c35c75365ab9cc9c7231d68c6428fb11c085fc8e9eb1ad659b7ddbf6cd2b9"},
]

[package.extras]
dev = ["build"]
doc = ["furo", "sphinx"]

[[package]]
name = "types-pyyaml"
version = "6.0.12.20260906"
description = "Typing stubs for PyYAML"
optional = false
python-versions = ">=3.10"
groups = ["dev"]
files = [
    {file = "types_pyyaml-6.0.12.20260906-py3-none-any.whl", hash = "sha256:bca893ff0d51df5c9053137d5d0e6ccd36e939a196356f1d5c16372422f5137b"},
    {file = "types_pyyaml-6.0.12.20260906.tar.gz", hash = "sha256:f59c1cc05010b833d2d72287bbaa72610106b28d42d89a907313117faba85212"},
]

[[package]]
name = "typing-extensions"
version = "4.16.0"
description = "Backported and Experimental Type Hints for Python 3.9+"
optional = false
python-versions = ">=3.9"
groups = ["dev"]
files = [
    {file = "typing_extensions-4.16.0-py3-none-any.whl", hash = "sha256:481caa481374e813c1b176ada14e97f1f67a4539ce9cfeb3f350d78d6370c2e8"},
    {file = "typing_extensions-4.16.0.tar.gz", hash = "sha256:dc983d19a509c94dba722ee6abd33940f7c05a89e243c47e907eb4db6f1a43e5"},
]

[[package]]
name = "tzdata"
version = "2026.4"
description = "Provider of IANA time zone data"
optional = false
python-versions = ">=2"
groups = ["main", "dev"]
markers = "sys_platform == \"win32\""
files = [
    {file = "tzdata-2026.4-py2.py3-none-any.whl", hash = "sha256:c2169a8b0a7a5e9674da5a135ccdfb2b3e671b333ed9fed17b41f73c34476e81"},
    {file = "tzdata-2026.4.tar.gz", hash = "sha256:f1b8bd365d8d210c55353f4d7f8d6d8561c0ba50d704b700d195a9424bba0d79"},
]

[metadata]
lock-version = "2.1"
python-versions = "^3.13"
content-hash = "4f11fcfbd84c0897f535f8dcd52a2a4d35d39c64fffce67d6390334e6ca8de72"
